
Microsoft Visual Studio Solution File, Format Version 12.00
# Visual Studio 15
VisualStudioVersion = 15.0.27004.2010
MinimumVisualStudioVersion = 10.0.40219.1
Project("{FAE04EC0-301F-11D3-BF4B-00C04F79EFBC}") = "SensorsDataAnalyzer", "SensorsDataAnalyzer\SensorsDataAnalyzer.csproj", "{DB973DB6-6305-4261-A432-43390B94C806}"
EndProject
Project("{FAE04EC0-301F-11D3-BF4B-00C04F79EFBC}") = "SensorsDataAnalyzer.Data", "SensorsDataAnalyzer.Data\SensorsDataAnalyzer.Data.csproj", "{23F418C8-96D5-4853-9680-8AD4D980FC52}"
EndProject
Global
	GlobalSection(SolutionConfigurationPlatforms) = preSolution
		Debug|Any CPU = Debug|Any CPU
		Release|Any CPU = Release|Any CPU
	EndGlobalSection
	GlobalSection(ProjectConfigurationPlatforms) = postSolution
		{DB973DB6-6305-4261-A432-43390B94C806}.Debug|Any CPU.ActiveCfg = Debug|Any CPU
		{DB973DB6-6305-4261-A432-43390B94C806}.Debug|Any CPU.Build.0 = Debug|Any CPU
		{DB973DB6-6305-4261-A432-43390B94C806}.Release|Any CPU.ActiveCfg = Release|Any CPU
		{DB973DB6-6305-4261-A432-43390B94C806}.Release|Any CPU.Build.0 = Release|Any CPU
		{23F418C8-96D5-4853-9680-8AD4D980FC52}.Debug|Any CPU.ActiveCfg = Debug|Any CPU
		{23F418C8-96D5-4853-9680-8AD4D980FC52}.Debug|Any CPU.Build.0 = Debug|Any CPU
		{23F418C8-96D5-4853-9680-8AD4D980FC52}.Release|Any CPU.ActiveCfg = Release|Any CPU
		{23F418C8-96D5-4853-9680-8AD4D980FC52}.Release|Any CPU.Build.0 = Release|Any CPU
	EndGlobalSection
	GlobalSection(SolutionProperties) = preSolution
		HideSolutionNode = FALSE
	EndGlobalSection
	GlobalSection(ExtensibilityGlobals) = postSolution
		SolutionGuid = {07FC0C59-AE36-40C9-A3CB-56D0D28618DA}
	EndGlobalSection
EndGlobal
